{
  "name": "br-helpers-benchmark",
  "version": "1.0.0",
  "lockfileVersion": 3,
  "requires": true,
  "packages": {
    "": {
      "name": "br-helpers-benchmark",
      "version": "1.0.0",
      "license": "MIT",
      "dependencies": {
        "@fnando/cnpj": "^2.0.0",
        "@fnando/cpf": "^1.0.2",
        "br-helpers": "^3.1.1",
        "br-validations": "^0.3.1",
        "brazilian-values": "^0.13.1",
        "cpf": "^2.0.1",
        "cpf-cnpj-validator": "^1.0.3",
        "gerador-validador-cpf": "^6.3.0",
        "js-brasil": "^2.6.4",
        "stdnum": "^1.11.13",
        "tinybench": "^6.0.0",
        "validar-cpf": "^3.1.1",
        "validation-br": "^1.6.4",
        "validations-br": "^1.6.1"
      },
      "engines": {
        "node": ">=20"
      }
    },
    "node_modules/@fnando/cnpj": {
      "version": "2.0.0",
      "resolved": "https://registry.npmjs.org/@fnando/cnpj/-/cnpj-2.0.0.tgz",
      "integrity": "sha512-jrkOX+4t7/EdDeNurlPPq8Eum8XW5ebStmMfrOF0XrSRO+Jo1Hb1+bA8rzwQs3REwtqhlsztOrlbljOy/pyOFA==",
      "license": "MIT"
    },
    "node_modules/@fnando/cpf": {
      "version": "1.0.2",
      "resolved": "https://registry.npmjs.org/@fnando/cpf/-/cpf-1.0.2.tgz",
      "integrity": "sha512-lfSfdONVQ/1aKvsA7PnawQjSoE5PXOyHich3WFIbAuYRMAw6Ax1FmIWxPxCfHP/Rh0R2cG/CxaimUW7NI6rgEQ==",
      "license": "MIT"
    },
    "node_modules/@hapi/address": {
      "version": "4.1.0",
      "resolved": "https://registry.npmjs.org/@hapi/address/-/address-4.1.0.tgz",
      "integrity": "sha512-SkszZf13HVgGmChdHo/PxchnSaCJ6cetVqLzyciudzZRT0jcOouIF/Q93mgjw8cce+D+4F4C1Z/WrfFN+O3VHQ==",
      "deprecated": "Moved to 'npm install @sideway/address'",
      "license": "BSD-3-Clause",
      "dependencies": {
        "@hapi/hoek": "^9.0.0"
      }
    },
    "node_modules/@hapi/formula": {
      "version": "2.0.0",
      "resolved": "https://registry.npmjs.org/@hapi/formula/-/formula-2.0.0.tgz",
      "integrity": "sha512-V87P8fv7PI0LH7LiVi8Lkf3x+KCO7pQozXRssAHNXXL9L1K+uyu4XypLXwxqVDKgyQai6qj3/KteNlrqDx4W5A==",
      "deprecated": "Moved to 'npm install @sideway/formula'",
      "license": "BSD-3-Clause"
    },
    "node_modules/@hapi/hoek": {
      "version": "9.3.0",
      "resolved": "https://registry.npmjs.org/@hapi/hoek/-/hoek-9.3.0.tgz",
      "integrity": "sha512-/c6rf4UJlmHlC9b5BaNvzAcFv7HZ2QHaV0D4/HNlBdvFnvQq8RI4kYdhyPCl7Xj+oWvTWQ8ujhqS53LIgAe6KQ==",
      "license": "BSD-3-Clause"
    },
    "node_modules/@hapi/joi": {
      "version": "17.1.1",
      "resolved": "https://registry.npmjs.org/@hapi/joi/-/joi-17.1.1.tgz",
      "integrity": "sha512-p4DKeZAoeZW4g3u7ZeRo+vCDuSDgSvtsB/NpfjXEHTUjSeINAi/RrVOWiVQ1isaoLzMvFEhe8n5065mQq1AdQg==",
      "deprecated": "Switch to 'npm install joi'",
      "license": "BSD-3-Clause",
      "dependencies": {
        "@hapi/address": "^4.0.1",
        "@hapi/formula": "^2.0.0",
        "@hapi/hoek": "^9.0.0",
        "@hapi/pinpoint": "^2.0.0",
        "@hapi/topo": "^5.0.0"
      }
    },
    "node_modules/@hapi/pinpoint": {
      "version": "2.0.1",
      "resolved": "https://registry.npmjs.org/@hapi/pinpoint/-/pinpoint-2.0.1.tgz",
      "integrity": "sha512-EKQmr16tM8s16vTT3cA5L0kZZcTMU5DUOZTuvpnY738m+jyP3JIUj+Mm1xc1rsLkGBQ/gVnfKYPwOmPg1tUR4Q==",
      "license": "BSD-3-Clause"
    },
    "node_modules/@hapi/topo": {
      "version": "5.1.0",
      "resolved": "https://registry.npmjs.org/@hapi/topo/-/topo-5.1.0.tgz",
      "integrity": "sha512-foQZKJig7Ob0BMAYBfcJk8d77QtOe7Wo4ox7ff1lQYoNNAb6jwcY1ncdoy2e9wQZzvNy7ODZCYJkK8kzmcAnAg==",
      "license": "BSD-3-Clause",
      "dependencies": {
        "@hapi/hoek": "^9.0.0"
      }
    },
    "node_modules/ansi-regex": {
      "version": "6.2.2",
      "resolved": "https://registry.npmjs.org/ansi-regex/-/ansi-regex-6.2.2.tgz",
      "integrity": "sha512-Bq3SmSpyFHaWjPk8If9yc6svM8c56dB5BAtW4Qbw5jHTwwXXcTLoRMkpDJp6VL0XzlWaCHTXrkFURMYmD0sLqg==",
      "license": "MIT",
      "engines": {
        "node": ">=12"
      },
      "funding": {
        "url": "https://github.com/chalk/ansi-regex?sponsor=1"
      }
    },
    "node_modules/ansi-styles": {
      "version": "6.2.3",
      "resolved": "https://registry.npmjs.org/ansi-styles/-/ansi-styles-6.2.3.tgz",
      "integrity": "sha512-4Dj6M28JB+oAH8kFkTLUo+a2jwOFkuqb3yucU0CANcRRUbxS0cP0nZYCGjcc3BNXwRIsUVmDGgzawme7zvJHvg==",
      "license": "MIT",
      "engines": {
        "node": ">=12"
      },
      "funding": {
        "url": "https://github.com/chalk/ansi-styles?sponsor=1"
      }
    },
    "node_modules/br-helpers": {
      "version": "3.1.1",
      "resolved": "https://registry.npmjs.org/br-helpers/-/br-helpers-3.1.1.tgz",
      "integrity": "sha512-Oj+mN/yUSX0Y+BApLIjARMFRNi4PvdFF/Ryn1K4YNW/skl8UJUmFfeVPdwjKQUvrNapAkBRgQL5Tanutm6qQCg==",
      "license": "MIT",
      "dependencies": {
        "yargs": "^18.0.0"
      },
      "bin": {
        "br-helpers": "bin/br-helpers"
      },
      "engines": {
        "node": ">=20"
      }
    },
    "node_modules/br-validations": {
      "version": "0.3.1",
      "resolved": "https://registry.npmjs.org/br-validations/-/br-validations-0.3.1.tgz",
      "integrity": "sha512-8ncHlnsMwz15kqAyc2mN9b6yb/WXhlwq3itKJK9L1tdIPCzqmYReBjmmvdAmGQAo3/A7IWHUFe0O/9c/hfNpIw==",
      "license": "MIT"
    },
    "node_modules/brazilian-values": {
      "version": "0.13.1",
      "resolved": "https://registry.npmjs.org/brazilian-values/-/brazilian-values-0.13.1.tgz",
      "integrity": "sha512-eWGw5oihWffeFL+0+UIlaCwK7rhpZMMWzqJIqEvwWT+zeIIa6hOgQ9t66juNMVs/Ko98zeHjNbHMGvNiKMFs8w==",
      "license": "MIT"
    },
    "node_modules/cliui": {
      "version": "9.0.1",
      "resolved": "https://registry.npmjs.org/cliui/-/cliui-9.0.1.tgz",
      "integrity": "sha512-k7ndgKhwoQveBL+/1tqGJYNz097I7WOvwbmmU2AR5+magtbjPWQTS1C5vzGkBC8Ym8UWRzfKUzUUqFLypY4Q+w==",
      "license": "ISC",
      "dependencies": {
        "string-width": "^7.2.0",
        "strip-ansi": "^7.1.0",
        "wrap-ansi": "^9.0.0"
      },
      "engines": {
        "node": ">=20"
      }
    },
    "node_modules/cpf": {
      "version": "2.0.1",
      "resolved": "https://registry.npmjs.org/cpf/-/cpf-2.0.1.tgz",
      "integrity": "sha512-YpRbrpjQCDkZgMUOLxLfme8wE8X56fHXOGMGDsYA48f7UrjaCHU0TP8d+CKmxvNVjBDVtHiCUiBw8vfstdslbw==",
      "license": "MIT"
    },
    "node_modules/cpf-cnpj-validator": {
      "version": "1.0.3",
      "resolved": "https://registry.npmjs.org/cpf-cnpj-validator/-/cpf-cnpj-validator-1.0.3.tgz",
      "integrity": "sha512-Slh7iv+sf2FhP9xFRMExuaDF7ndERVzmjBZHqwWG+GqHSqPmEggvLuKUUFJZxb+G804rjqRnnu5eCkbeChqM/Q==",
      "license": "MIT",
      "dependencies": {
        "@hapi/joi": "^17.1.0"
      }
    },
    "node_modules/emoji-regex": {
      "version": "10.6.0",
      "resolved": "https://registry.npmjs.org/emoji-regex/-/emoji-regex-10.6.0.tgz",
      "integrity": "sha512-toUI84YS5YmxW219erniWD0CIVOo46xGKColeNQRgOzDorgBi1v4D71/OFzgD9GO2UGKIv1C3Sp8DAn0+j5w7A==",
      "license": "MIT"
    },
    "node_modules/escalade": {
      "version": "3.2.0",
      "resolved": "https://registry.npmjs.org/escalade/-/escalade-3.2.0.tgz",
      "integrity": "sha512-WUj2qlxaQtO4g6Pq5c29GTcWGDyd8itL8zTlipgECz3JesAiiOKotd8JU6otB3PACgG6xkJUyVhboMS+bje/jA==",
      "license": "MIT",
      "engines": {
        "node": ">=6"
      }
    },
    "node_modules/gerador-validador-cpf": {
      "version": "6.3.0",
      "resolved": "https://registry.npmjs.org/gerador-validador-cpf/-/gerador-validador-cpf-6.3.0.tgz",
      "integrity": "sha512-mEa0SRR4dGeXb2psbhY1JN+B+Yo9mUANM3IbeD267cvWarxZ30wCEIScxIgBHBgdFvfky8/DcTK7BBB1tpq8vQ==",
      "license": "MIT",
      "engines": {
        "node": ">=18"
      },
      "funding": {
        "url": "https://github.com/sponsors/tiagoporto"
      }
    },
    "node_modules/get-caller-file": {
      "version": "2.0.5",
      "resolved": "https://registry.npmjs.org/get-caller-file/-/get-caller-file-2.0.5.tgz",
      "integrity": "sha512-DyFP3BM/3YHTQOCUL/w0OZHR0lpKeGrxotcHWcqNEdnltqFwXVfhEBQ94eIo34AfQpo0rGki4cyIiftY06h2Fg==",
      "license": "ISC",
      "engines": {
        "node": "6.* || 8.* || >= 10.*"
      }
    },
    "node_modules/get-east-asian-width": {
      "version": "1.5.0",
      "resolved": "https://registry.npmjs.org/get-east-asian-width/-/get-east-asian-width-1.5.0.tgz",
      "integrity": "sha512-CQ+bEO+Tva/qlmw24dCejulK5pMzVnUOFOijVogd3KQs07HnRIgp8TGipvCCRT06xeYEbpbgwaCxglFyiuIcmA==",
      "license": "MIT",
      "engines": {
        "node": ">=18"
      },
      "funding": {
        "url": "https://github.com/sponsors/sindresorhus"
      }
    },
    "node_modules/js-brasil": {
      "version": "2.6.4",
      "resolved": "https://registry.npmjs.org/js-brasil/-/js-brasil-2.6.4.tgz",
      "integrity": "sha512-qdXbLToqwYh6mQdkfRurbD0AeuJfcbIL9KJRRR5Au5kXAjd9pMI6OyNHDt3OayID8J99w86Pj1v4WL0wF4gG/w==",
      "license": "ISC",
      "dependencies": {
        "text-mask-addons": "^3.8.0"
      }
    },
    "node_modules/stdnum": {
      "version": "1.11.13",
      "resolved": "https://registry.npmjs.org/stdnum/-/stdnum-1.11.13.tgz",
      "integrity": "sha512-3bFSJyS6StQJMtGtYAsyLM/FZto4QDc8MOMjIS+aRLJYL+1lFjPww5ZbqS4rHqR62HrwpO5hzopFODEceHkRpg==",
      "license": "MIT"
    },
    "node_modules/string-width": {
      "version": "7.2.0",
      "resolved": "https://registry.npmjs.org/string-width/-/string-width-7.2.0.tgz",
      "integrity": "sha512-tsaTIkKW9b4N+AEj+SVA+WhJzV7/zMhcSu78mLKWSk7cXMOSHsBKFWUs0fWwq8QyK3MgJBQRX6Gbi4kYbdvGkQ==",
      "license": "MIT",
      "dependencies": {
        "emoji-regex": "^10.3.0",
        "get-east-asian-width": "^1.0.0",
        "strip-ansi": "^7.1.0"
      },
      "engines": {
        "node": ">=18"
      },
      "funding": {
        "url": "https://github.com/sponsors/sindresorhus"
      }
    },
    "node_modules/strip-ansi": {
      "version": "7.2.0",
      "resolved": "https://registry.npmjs.org/strip-ansi/-/strip-ansi-7.2.0.tgz",
      "integrity": "sha512-yDPMNjp4WyfYBkHnjIRLfca1i6KMyGCtsVgoKe/z1+6vukgaENdgGBZt+ZmKPc4gavvEZ5OgHfHdrazhgNyG7w==",
      "license": "MIT",
      "dependencies": {
        "ansi-regex": "^6.2.2"
      },
      "engines": {
        "node": ">=12"
      },
      "funding": {
        "url": "https://github.com/chalk/strip-ansi?sponsor=1"
      }
    },
    "node_modules/text-mask-addons": {
      "version": "3.8.0",
      "resolved": "https://registry.npmjs.org/text-mask-addons/-/text-mask-addons-3.8.0.tgz",
      "integrity": "sha512-VSZSdc/tKn4zGxgpJ+uNBzoW1t472AoAFIlbw1K7hSNXz0DfSBYDJNRxLqgxOfWw1BY2z6DQpm7g0sYZn5qLpg==",
      "license": "Unlicense"
    },
    "node_modules/tinybench": {
      "version": "6.0.0",
      "resolved": "https://registry.npmjs.org/tinybench/-/tinybench-6.0.0.tgz",
      "integrity": "sha512-BWlWpVbbZXaYjRV0twGLNQO00Zj4HA/sjLOQP2IvzQqGwRGp+2kh7UU3ijyJ3ywFRogYDRbiHDMrUOfaMnN56g==",
      "license": "MIT",
      "engines": {
        "node": ">=20.0.0"
      }
    },
    "node_modules/validar-cpf": {
      "version": "3.1.1",
      "resolved": "https://registry.npmjs.org/validar-cpf/-/validar-cpf-3.1.1.tgz",
      "integrity": "sha512-7qBi2tY2WlBqnn+rpuaBCdgJiNLcTWh8mRvHz2Q2OH7GHiSRoJNytUSyzTsFHZaBX2/DO6wjkDwWR/PriIFM/w==",
      "license": "MIT"
    },
    "node_modules/validation-br": {
      "version": "1.6.4",
      "resolved": "https://registry.npmjs.org/validation-br/-/validation-br-1.6.4.tgz",
      "integrity": "sha512-ORVqfPTzVcO43DiFrfXa0Yg7bib4VSTGtnj/YZ5b2sQJJuAbNkHQYrun8Dvl+1N7WubMlMM0OkmAnJuACNhKaA==",
      "license": "MIT"
    },
    "node_modules/validations-br": {
      "version": "1.6.1",
      "resolved": "https://registry.npmjs.org/validations-br/-/validations-br-1.6.1.tgz",
      "integrity": "sha512-0FXjWYcYxyBuZ/WgKRSVOcNRxdXMRmSl59LlfvGVhfsnIFfo3qj2Zqn4HVgDIBfqcs8Kd3+hqksXvac+YgtIMA==",
      "license": "MIT"
    },
    "node_modules/wrap-ansi": {
      "version": "9.0.2",
      "resolved": "https://registry.npmjs.org/wrap-ansi/-/wrap-ansi-9.0.2.tgz",
      "integrity": "sha512-42AtmgqjV+X1VpdOfyTGOYRi0/zsoLqtXQckTmqTeybT+BDIbM/Guxo7x3pE2vtpr1ok6xRqM9OpBe+Jyoqyww==",
      "license": "MIT",
      "dependencies": {
        "ansi-styles": "^6.2.1",
        "string-width": "^7.0.0",
        "strip-ansi": "^7.1.0"
      },
      "engines": {
        "node": ">=18"
      },
      "funding": {
        "url": "https://github.com/chalk/wrap-ansi?sponsor=1"
      }
    },
    "node_modules/y18n": {
      "version": "5.0.8",
      "resolved": "https://registry.npmjs.org/y18n/-/y18n-5.0.8.tgz",
      "integrity": "sha512-0pfFzegeDWJHJIAmTLRP2DwHjdF5s7jo9tuztdQxAhINCdvS+3nGINqPd00AphqJR/0LhANUS6/+7SCb98YOfA==",
      "license": "ISC",
      "engines": {
        "node": ">=10"
      }
    },
    "node_modules/yargs": {
      "version": "18.0.0",
      "resolved": "https://registry.npmjs.org/yargs/-/yargs-18.0.0.tgz",
      "integrity": "sha512-4UEqdc2RYGHZc7Doyqkrqiln3p9X2DZVxaGbwhn2pi7MrRagKaOcIKe8L3OxYcbhXLgLFUS3zAYuQjKBQgmuNg==",
      "license": "MIT",
      "dependencies": {
        "cliui": "^9.0.1",
        "escalade": "^3.1.1",
        "get-caller-file": "^2.0.5",
        "string-width": "^7.2.0",
        "y18n": "^5.0.5",
        "yargs-parser": "^22.0.0"
      },
      "engines": {
        "node": "^20.19.0 || ^22.12.0 || >=23"
      }
    },
    "node_modules/yargs-parser": {
      "version": "22.0.0",
      "resolved": "https://registry.npmjs.org/yargs-parser/-/yargs-parser-22.0.0.tgz",
      "integrity": "sha512-rwu/ClNdSMpkSrUb+d6BRsSkLUq1fmfsY6TOpYzTwvwkg1/NRG85KBy3kq++A8LKQwX6lsu+aWad+2khvuXrqw==",
      "license": "ISC",
      "engines": {
        "node": "^20.19.0 || ^22.12.0 || >=23"
      }
    }
  }
}
