{
  "name": "br-helpers-benchmark",
  "version": "1.0.0",
  "lockfileVersion": 3,
  "requires": true,
  "packages": {
    "": {
      "name": "br-helpers-benchmark",
      "version": "1.0.0",
      "license": "MIT",
      "dependencies": {
        "@fnando/cnpj": "^2.0.0",
        "@fnando/cpf": "^1.0.2",
        "br-helpers": "^3.3.0",
        "br-validations": "^0.3.1",
        "brazilian-values": "^0.14.0",
        "cpf": "^3.0.0",
        "cpf-cnpj-validator": "^2.1.2",
        "gerador-validador-cpf": "^6.3.0",
        "js-brasil": "^2.8.0",
        "stdnum": "^1.12.6",
        "tinybench": "^6.1.3",
        "validar-cpf": "^3.1.1",
        "validation-br": "^1.6.4",
        "validations-br": "^1.7.0"
      },
      "engines": {
        "node": ">=20"
      }
    },
    "node_modules/@fnando/cnpj": {
      "version": "2.0.0",
      "resolved": "https://registry.npmjs.org/@fnando/cnpj/-/cnpj-2.0.0.tgz",
      "integrity": "sha512-jrkOX+4t7/EdDeNurlPPq8Eum8XW5ebStmMfrOF0XrSRO+Jo1Hb1+bA8rzwQs3REwtqhlsztOrlbljOy/pyOFA==",
      "license": "MIT"
    },
    "node_modules/@fnando/cpf": {
      "version": "1.0.2",
      "resolved": "https://registry.npmjs.org/@fnando/cpf/-/cpf-1.0.2.tgz",
      "integrity": "sha512-lfSfdONVQ/1aKvsA7PnawQjSoE5PXOyHich3WFIbAuYRMAw6Ax1FmIWxPxCfHP/Rh0R2cG/CxaimUW7NI6rgEQ==",
      "license": "MIT"
    },
    "node_modules/br-helpers": {
      "version": "3.3.0",
      "resolved": "https://registry.npmjs.org/br-helpers/-/br-helpers-3.3.0.tgz",
      "integrity": "sha512-cBq3qurkN9mSLFsMCqFeDoZRcfp9yY2NMMroNEut89Mr1r3kjdSCePWRxwYr9LjbL+oUwvRUDa6m7KTbCQaK/g==",
      "license": "MIT",
      "bin": {
        "br-helpers": "bin/br-helpers"
      },
      "engines": {
        "node": ">=20"
      }
    },
    "node_modules/br-validations": {
      "version": "0.3.1",
      "resolved": "https://registry.npmjs.org/br-validations/-/br-validations-0.3.1.tgz",
      "integrity": "sha512-8ncHlnsMwz15kqAyc2mN9b6yb/WXhlwq3itKJK9L1tdIPCzqmYReBjmmvdAmGQAo3/A7IWHUFe0O/9c/hfNpIw==",
      "license": "MIT"
    },
    "node_modules/brazilian-values": {
      "version": "0.14.0",
      "resolved": "https://registry.npmjs.org/brazilian-values/-/brazilian-values-0.14.0.tgz",
      "integrity": "sha512-Ipkpx7n9Qu4nAQLViYRvQjkQjuFZ36SwUv8lKZlcESxZ1KmCByPYHRiWMvHeTOV64kOXv1yPy+c1F+Ueu+zBlw==",
      "license": "MIT"
    },
    "node_modules/cpf": {
      "version": "3.0.0",
      "resolved": "https://registry.npmjs.org/cpf/-/cpf-3.0.0.tgz",
      "integrity": "sha512-gCF1rsEkkUcoGc1w+b2iQ/uEURrwlrnw010QAPBUOUwcocc/emOqMB/V9fzBPEkWmM4dWoHto0pkBawcZGPk6Q==",
      "license": "MIT",
      "engines": {
        "node": ">=16"
      }
    },
    "node_modules/cpf-cnpj-validator": {
      "version": "2.1.2",
      "resolved": "https://registry.npmjs.org/cpf-cnpj-validator/-/cpf-cnpj-validator-2.1.2.tgz",
      "integrity": "sha512-JhU4oUhZRugvDZvWBSsQQHNHbWcjc5VW4BlmaKfChm7ddMSh/Ixv2iHM0uFNx3hN3NYgfVgVNl5MbkjNr5tgyA==",
      "license": "MIT",
      "engines": {
        "node": ">=18"
      },
      "peerDependencies": {
        "@angular/forms": ">=15",
        "class-validator": "^0.14.0 || ^0.15.0",
        "joi": "^17.0.0",
        "reflect-metadata": "^0.2.0",
        "yup": "^1.0.0",
        "zod": "^3.22.0 || ^4.0.0"
      },
      "peerDependenciesMeta": {
        "@angular/forms": {
          "optional": true
        },
        "class-validator": {
          "optional": true
        },
        "joi": {
          "optional": true
        },
        "reflect-metadata": {
          "optional": true
        },
        "yup": {
          "optional": true
        },
        "zod": {
          "optional": true
        }
      }
    },
    "node_modules/gerador-validador-cpf": {
      "version": "6.3.0",
      "resolved": "https://registry.npmjs.org/gerador-validador-cpf/-/gerador-validador-cpf-6.3.0.tgz",
      "integrity": "sha512-mEa0SRR4dGeXb2psbhY1JN+B+Yo9mUANM3IbeD267cvWarxZ30wCEIScxIgBHBgdFvfky8/DcTK7BBB1tpq8vQ==",
      "license": "MIT",
      "engines": {
        "node": ">=18"
      },
      "funding": {
        "url": "https://github.com/sponsors/tiagoporto"
      }
    },
    "node_modules/js-brasil": {
      "version": "2.8.0",
      "resolved": "https://registry.npmjs.org/js-brasil/-/js-brasil-2.8.0.tgz",
      "integrity": "sha512-HjOnHsUpFlyCJ7uznrywipZtCfnz50AT1IjnSgTIEegFpnFyDO3rYhysT2kwUjqQJ7qwc1EROiWD+YmanaYfDQ==",
      "license": "ISC"
    },
    "node_modules/stdnum": {
      "version": "1.12.6",
      "resolved": "https://registry.npmjs.org/stdnum/-/stdnum-1.12.6.tgz",
      "integrity": "sha512-UhWlPQ0FCwMuNKEPvX42Hk0ddS/YivTvmJ8k7y0fxM0dea1Cx//AScKFNtT59lHCqYXIr3gfYI4EvqvH9DRrpQ==",
      "license": "MIT"
    },
    "node_modules/tinybench": {
      "version": "6.1.3",
      "resolved": "https://registry.npmjs.org/tinybench/-/tinybench-6.1.3.tgz",
      "integrity": "sha512-8k25iNSZHnzkjp3nrpEmx6YkrTNs41PzOHYc28DR5Z2l/CId/Nzw+Ume/41jCeDDmCUMPuK5GkQ/VxJaJ2P6Qg==",
      "license": "MIT",
      "engines": {
        "node": ">=20.0.0"
      }
    },
    "node_modules/validar-cpf": {
      "version": "3.1.1",
      "resolved": "https://registry.npmjs.org/validar-cpf/-/validar-cpf-3.1.1.tgz",
      "integrity": "sha512-7qBi2tY2WlBqnn+rpuaBCdgJiNLcTWh8mRvHz2Q2OH7GHiSRoJNytUSyzTsFHZaBX2/DO6wjkDwWR/PriIFM/w==",
      "license": "MIT"
    },
    "node_modules/validation-br": {
      "version": "1.6.4",
      "resolved": "https://registry.npmjs.org/validation-br/-/validation-br-1.6.4.tgz",
      "integrity": "sha512-ORVqfPTzVcO43DiFrfXa0Yg7bib4VSTGtnj/YZ5b2sQJJuAbNkHQYrun8Dvl+1N7WubMlMM0OkmAnJuACNhKaA==",
      "license": "MIT"
    },
    "node_modules/validations-br": {
      "version": "1.7.0",
      "resolved": "https://registry.npmjs.org/validations-br/-/validations-br-1.7.0.tgz",
      "integrity": "sha512-tdy4GIUMAEAP59pC8KkKZZDggeE+Ncb0w9F+L9aW8/ijWTDMTAuPqrCVHGakGrP8ZkqDNNBvEEZ7bml+QDD4Xw==",
      "license": "MIT",
      "engines": {
        "node": ">=18"
      }
    }
  }
}
